
Microsoft Visual Studio Solution File, Format Version 12.00
# Visual Studio Version 17
VisualStudioVersion = 17.1.32421.90
MinimumVisualStudioVersion = 10.0.40219.1
Project("{FAE04EC0-301F-11D3-BF4B-00C04F79EFBC}") = "PrinceChavez.Chromedia.Web", "PrinceChavez.Chromedia.Web\PrinceChavez.Chromedia.Web.csproj", "{0F78B8D9-9876-4A6F-B64C-67ABD0A7C8E1}"
EndProject
Project("{FAE04EC0-301F-11D3-BF4B-00C04F79EFBC}") = "PrinceChavez.Chromedia.Models", "PrinceChavez.Chromedia.Models\PrinceChavez.Chromedia.Models.csproj", "{20524F05-650D-4229-8E09-92F12FEA66C6}"
EndProject
Project("{FAE04EC0-301F-11D3-BF4B-00C04F79EFBC}") = "PrinceChavez.Chromedia.Services", "PrinceChavez.Chromedia.Services\PrinceChavez.Chromedia.Services.csproj", "{7ED0F014-34CE-45C3-A368-4DFAAAC5817B}"
EndProject
Global
	GlobalSection(SolutionConfigurationPlatforms) = preSolution
		Debug|Any CPU = Debug|Any CPU
		Release|Any CPU = Release|Any CPU
	EndGlobalSection
	GlobalSection(ProjectConfigurationPlatforms) = postSolution
		{0F78B8D9-9876-4A6F-B64C-67ABD0A7C8E1}.Debug|Any CPU.ActiveCfg = Debug|Any CPU
		{0F78B8D9-9876-4A6F-B64C-67ABD0A7C8E1}.Debug|Any CPU.Build.0 = Debug|Any CPU
		{0F78B8D9-9876-4A6F-B64C-67ABD0A7C8E1}.Release|Any CPU.ActiveCfg = Release|Any CPU
		{0F78B8D9-9876-4A6F-B64C-67ABD0A7C8E1}.Release|Any CPU.Build.0 = Release|Any CPU
		{20524F05-650D-4229-8E09-92F12FEA66C6}.Debug|Any CPU.ActiveCfg = Debug|Any CPU
		{20524F05-650D-4229-8E09-92F12FEA66C6}.Debug|Any CPU.Build.0 = Debug|Any CPU
		{20524F05-650D-4229-8E09-92F12FEA66C6}.Release|Any CPU.ActiveCfg = Release|Any CPU
		{20524F05-650D-4229-8E09-92F12FEA66C6}.Release|Any CPU.Build.0 = Release|Any CPU
		{7ED0F014-34CE-45C3-A368-4DFAAAC5817B}.Debug|Any CPU.ActiveCfg = Debug|Any CPU
		{7ED0F014-34CE-45C3-A368-4DFAAAC5817B}.Debug|Any CPU.Build.0 = Debug|Any CPU
		{7ED0F014-34CE-45C3-A368-4DFAAAC5817B}.Release|Any CPU.ActiveCfg = Release|Any CPU
		{7ED0F014-34CE-45C3-A368-4DFAAAC5817B}.Release|Any CPU.Build.0 = Release|Any CPU
	EndGlobalSection
	GlobalSection(SolutionProperties) = preSolution
		HideSolutionNode = FALSE
	EndGlobalSection
	GlobalSection(ExtensibilityGlobals) = postSolution
		SolutionGuid = {7F4E845E-2899-41E8-BD02-DA653578CE27}
	EndGlobalSection
EndGlobal
